
Microsoft Visual Studio Solution File, Format Version 12.00
# Visual Studio 15
Project("{FAE04EC0-301F-11D3-BF4B-00C04F79EFBC}") = "GoogleAuthTest.Android", "GoogleAuthTest.Android\GoogleAuthTest.Android.csproj", "{55C00B36-8DD0-46DA-BB10-085D86C67FAB}"
EndProject
Project("{FAE04EC0-301F-11D3-BF4B-00C04F79EFBC}") = "GoogleAuthTest.iOS", "GoogleAuthTest.iOS\GoogleAuthTest.iOS.csproj", "{52276BA3-2A16-4DD8-9C73-87B58F61E06D}"
EndProject
Project("{FAE04EC0-301F-11D3-BF4B-00C04F79EFBC}") = "GoogleAuthTest.UITests", "GoogleAuthTest.UITests\GoogleAuthTest.UITests.csproj", "{40A14DC8-A046-45C0-A90F-47BC78503185}"
EndProject
Project("{FAE04EC0-301F-11D3-BF4B-00C04F79EFBC}") = "GoogleAuthTest", "GoogleAuthTest\GoogleAuthTest.csproj", "{4EF6AC8B-D8F9-4078-8FE8-2981DA2DE548}"
EndProject
Global
	GlobalSection(SolutionConfigurationPlatforms) = preSolution
		Debug|Any CPU = Debug|Any CPU
		Release|Any CPU = Release|Any CPU
		Debug|iPhoneSimulator = Debug|iPhoneSimulator
		Release|iPhoneSimulator = Release|iPhoneSimulator
		Debug|iPhone = Debug|iPhone
		Release|iPhone = Release|iPhone
	EndGlobalSection
	GlobalSection(ProjectConfigurationPlatforms) = postSolution
		{55C00B36-8DD0-46DA-BB10-085D86C67FAB}.Debug|Any CPU.ActiveCfg = Debug|Any CPU
		{55C00B36-8DD0-46DA-BB10-085D86C67FAB}.Debug|Any CPU.Build.0 = Debug|Any CPU
		{55C00B36-8DD0-46DA-BB10-085D86C67FAB}.Release|Any CPU.ActiveCfg = Release|Any CPU
		{55C00B36-8DD0-46DA-BB10-085D86C67FAB}.Release|Any CPU.Build.0 = Release|Any CPU
		{55C00B36-8DD0-46DA-BB10-085D86C67FAB}.Debug|iPhoneSimulator.ActiveCfg = Debug|Any CPU
		{55C00B36-8DD0-46DA-BB10-085D86C67FAB}.Debug|iPhoneSimulator.Build.0 = Debug|Any CPU
		{55C00B36-8DD0-46DA-BB10-085D86C67FAB}.Release|iPhoneSimulator.ActiveCfg = Release|Any CPU
		{55C00B36-8DD0-46DA-BB10-085D86C67FAB}.Release|iPhoneSimulator.Build.0 = Release|Any CPU
		{55C00B36-8DD0-46DA-BB10-085D86C67FAB}.Debug|iPhone.ActiveCfg = Debug|Any CPU
		{55C00B36-8DD0-46DA-BB10-085D86C67FAB}.Debug|iPhone.Build.0 = Debug|Any CPU
		{55C00B36-8DD0-46DA-BB10-085D86C67FAB}.Release|iPhone.ActiveCfg = Release|Any CPU
		{55C00B36-8DD0-46DA-BB10-085D86C67FAB}.Release|iPhone.Build.0 = Release|Any CPU
		{52276BA3-2A16-4DD8-9C73-87B58F61E06D}.Debug|Any CPU.ActiveCfg = Debug|iPhoneSimulator
		{52276BA3-2A16-4DD8-9C73-87B58F61E06D}.Debug|Any CPU.Build.0 = Debug|iPhoneSimulator
		{52276BA3-2A16-4DD8-9C73-87B58F61E06D}.Release|Any CPU.ActiveCfg = Release|iPhoneSimulator
		{52276BA3-2A16-4DD8-9C73-87B58F61E06D}.Release|Any CPU.Build.0 = Release|iPhoneSimulator
		{52276BA3-2A16-4DD8-9C73-87B58F61E06D}.Debug|iPhoneSimulator.ActiveCfg = Debug|iPhoneSimulator
		{52276BA3-2A16-4DD8-9C73-87B58F61E06D}.Debug|iPhoneSimulator.Build.0 = Debug|iPhoneSimulator
		{52276BA3-2A16-4DD8-9C73-87B58F61E06D}.Release|iPhoneSimulator.ActiveCfg = Release|iPhoneSimulator
		{52276BA3-2A16-4DD8-9C73-87B58F61E06D}.Release|iPhoneSimulator.Build.0 = Release|iPhoneSimulator
		{52276BA3-2A16-4DD8-9C73-87B58F61E06D}.Debug|iPhone.ActiveCfg = Debug|iPhone
		{52276BA3-2A16-4DD8-9C73-87B58F61E06D}.Debug|iPhone.Build.0 = Debug|iPhone
		{52276BA3-2A16-4DD8-9C73-87B58F61E06D}.Release|iPhone.ActiveCfg = Release|iPhone
		{52276BA3-2A16-4DD8-9C73-87B58F61E06D}.Release|iPhone.Build.0 = Release|iPhone
		{40A14DC8-A046-45C0-A90F-47BC78503185}.Debug|Any CPU.ActiveCfg = Debug|Any CPU
		{40A14DC8-A046-45C0-A90F-47BC78503185}.Debug|Any CPU.Build.0 = Debug|Any CPU
		{40A14DC8-A046-45C0-A90F-47BC78503185}.Release|Any CPU.ActiveCfg = Release|Any CPU
		{40A14DC8-A046-45C0-A90F-47BC78503185}.Release|Any CPU.Build.0 = Release|Any CPU
		{40A14DC8-A046-45C0-A90F-47BC78503185}.Debug|iPhoneSimulator.ActiveCfg = Debug|Any CPU
		{40A14DC8-A046-45C0-A90F-47BC78503185}.Debug|iPhoneSimulator.Build.0 = Debug|Any CPU
		{40A14DC8-A046-45C0-A90F-47BC78503185}.Release|iPhoneSimulator.ActiveCfg = Release|Any CPU
		{40A14DC8-A046-45C0-A90F-47BC78503185}.Release|iPhoneSimulator.Build.0 = Release|Any CPU
		{40A14DC8-A046-45C0-A90F-47BC78503185}.Debug|iPhone.ActiveCfg = Debug|Any CPU
		{40A14DC8-A046-45C0-A90F-47BC78503185}.Debug|iPhone.Build.0 = Debug|Any CPU
		{40A14DC8-A046-45C0-A90F-47BC78503185}.Release|iPhone.ActiveCfg = Release|Any CPU
		{40A14DC8-A046-45C0-A90F-47BC78503185}.Release|iPhone.Build.0 = Release|Any CPU
		{4EF6AC8B-D8F9-4078-8FE8-2981DA2DE548}.Debug|Any CPU.ActiveCfg = Debug|Any CPU
		{4EF6AC8B-D8F9-4078-8FE8-2981DA2DE548}.Debug|Any CPU.Build.0 = Debug|Any CPU
		{4EF6AC8B-D8F9-4078-8FE8-2981DA2DE548}.Release|Any CPU.ActiveCfg = Release|Any CPU
		{4EF6AC8B-D8F9-4078-8FE8-2981DA2DE548}.Release|Any CPU.Build.0 = Release|Any CPU
		{4EF6AC8B-D8F9-4078-8FE8-2981DA2DE548}.Debug|iPhoneSimulator.ActiveCfg = Debug|Any CPU
		{4EF6AC8B-D8F9-4078-8FE8-2981DA2DE548}.Debug|iPhoneSimulator.Build.0 = Debug|Any CPU
		{4EF6AC8B-D8F9-4078-8FE8-2981DA2DE548}.Release|iPhoneSimulator.ActiveCfg = Release|Any CPU
		{4EF6AC8B-D8F9-4078-8FE8-2981DA2DE548}.Release|iPhoneSimulator.Build.0 = Release|Any CPU
		{4EF6AC8B-D8F9-4078-8FE8-2981DA2DE548}.Debug|iPhone.ActiveCfg = Debug|Any CPU
		{4EF6AC8B-D8F9-4078-8FE8-2981DA2DE548}.Debug|iPhone.Build.0 = Debug|Any CPU
		{4EF6AC8B-D8F9-4078-8FE8-2981DA2DE548}.Release|iPhone.ActiveCfg = Release|Any CPU
		{4EF6AC8B-D8F9-4078-8FE8-2981DA2DE548}.Release|iPhone.Build.0 = Release|Any CPU
	EndGlobalSection
EndGlobal
